
Microsoft Visual Studio Solution File, Format Version 12.00
# Visual Studio Version 17
VisualStudioVersion = 17.3.32922.545
MinimumVisualStudioVersion = 10.0.40219.1
Project("{FAE04EC0-301F-11D3-BF4B-00C04F79EFBC}") = "FirstWebApplication", "FirstWebApplication.csproj", "{60A92BCD-5F78-436F-B21C-B21C1CA271EF}"
EndProject
Global
	GlobalSection(SolutionConfigurationPlatforms) = preSolution
		Debug|Any CPU = Debug|Any CPU
		Release|Any CPU = Release|Any CPU
	EndGlobalSection
	GlobalSection(ProjectConfigurationPlatforms) = postSolution
		{60A92BCD-5F78-436F-B21C-B21C1CA271EF}.Debug|Any CPU.ActiveCfg = Debug|Any CPU
		{60A92BCD-5F78-436F-B21C-B21C1CA271EF}.Debug|Any CPU.Build.0 = Debug|Any CPU
		{60A92BCD-5F78-436F-B21C-B21C1CA271EF}.Release|Any CPU.ActiveCfg = Release|Any CPU
		{60A92BCD-5F78-436F-B21C-B21C1CA271EF}.Release|Any CPU.Build.0 = Release|Any CPU
	EndGlobalSection
	GlobalSection(SolutionProperties) = preSolution
		HideSolutionNode = FALSE
	EndGlobalSection
	GlobalSection(ExtensibilityGlobals) = postSolution
		SolutionGuid = {AB4E3CB4-111C-4E83-9FD3-AAC82EC0F6F9}
	EndGlobalSection
EndGlobal
